
Microsoft Visual Studio Solution File, Format Version 12.00
# Visual Studio 15
VisualStudioVersion = 15.0.27428.1
MinimumVisualStudioVersion = 10.0.40219.1
Project("{FAE04EC0-301F-11D3-BF4B-00C04F79EFBC}") = "FizzBuzzSolution", "FizzBuzzSolution\FizzBuzzSolution.csproj", "{A497342F-28ED-4566-8A0F-D1BF412B0363}"
EndProject
Global
	GlobalSection(SolutionConfigurationPlatforms) = preSolution
		Debug|Any CPU = Debug|Any CPU
		Release|Any CPU = Release|Any CPU
	EndGlobalSection
	GlobalSection(ProjectConfigurationPlatforms) = postSolution
		{A497342F-28ED-4566-8A0F-D1BF412B0363}.Debug|Any CPU.ActiveCfg = Debug|Any CPU
		{A497342F-28ED-4566-8A0F-D1BF412B0363}.Debug|Any CPU.Build.0 = Debug|Any CPU
		{A497342F-28ED-4566-8A0F-D1BF412B0363}.Release|Any CPU.ActiveCfg = Release|Any CPU
		{A497342F-28ED-4566-8A0F-D1BF412B0363}.Release|Any CPU.Build.0 = Release|Any CPU
	EndGlobalSection
	GlobalSection(SolutionProperties) = preSolution
		HideSolutionNode = FALSE
	EndGlobalSection
	GlobalSection(ExtensibilityGlobals) = postSolution
		SolutionGuid = {E8468E08-19ED-4E68-941A-3A303236CE49}
	EndGlobalSection
EndGlobal
